// !$*UTF8*$!
{
	archiveVersion = 1;
	classes = {
	};
	objectVersion = 50;
	objects = {

/* Begin PBXBuildFile section */
		001FBE3B2A326BF700B00D3A /* Followers.swift in Sources */ = {isa = PBXBuildFile; fileRef = 001FBE3A2A326BF700B00D3A /* Followers.swift */; };
		001FBE3D2A326C0200B00D3A /* Following.swift in Sources */ = {isa = PBXBuildFile; fileRef = 001FBE3C2A326C0200B00D3A /* Following.swift */; };
		004223072A33340000E9CF78 /* ListViewModelTests.swift in Sources */ = {isa = PBXBuildFile; fileRef = 004223062A33340000E9CF78 /* ListViewModelTests.swift */; };
		00747BF82A31D1DD0046B526 /* ListViewModel.swift in Sources */ = {isa = PBXBuildFile; fileRef = 00747BF72A31D1DD0046B526 /* ListViewModel.swift */; };
		00747BFA2A31D1E90046B526 /* ListCellViewModel.swift in Sources */ = {isa = PBXBuildFile; fileRef = 00747BF92A31D1E90046B526 /* ListCellViewModel.swift */; };
		00747BFC2A31D1F90046B526 /* DetailsViewModel.swift in Sources */ = {isa = PBXBuildFile; fileRef = 00747BFB2A31D1F90046B526 /* DetailsViewModel.swift */; };
		00747BFE2A31D7EB0046B526 /* AvatarService.swift in Sources */ = {isa = PBXBuildFile; fileRef = 00747BFD2A31D7EB0046B526 /* AvatarService.swift */; };
		00747C002A31D8420046B526 /* NetworkManager.swift in Sources */ = {isa = PBXBuildFile; fileRef = 00747BFF2A31D8420046B526 /* NetworkManager.swift */; };
		657CD90E24C72E310050EF8A /* DetailsViewController.swift in Sources */ = {isa = PBXBuildFile; fileRef = 657CD90D24C72E310050EF8A /* DetailsViewController.swift */; };
		657CD91224C735DD0050EF8A /* Repo.swift in Sources */ = {isa = PBXBuildFile; fileRef = 657CD91124C735DD0050EF8A /* Repo.swift */; };
		657CD91424C735E30050EF8A /* Gist.swift in Sources */ = {isa = PBXBuildFile; fileRef = 657CD91324C735E30050EF8A /* Gist.swift */; };
		65EB85BB24C720D30004D087 /* User.swift in Sources */ = {isa = PBXBuildFile; fileRef = 65EB85BA24C720D30004D087 /* User.swift */; };
		A283494A21A5CDF100C5CA71 /* AppDelegate.swift in Sources */ = {isa = PBXBuildFile; fileRef = A283494921A5CDF100C5CA71 /* AppDelegate.swift */; };
		A283494C21A5CDF100C5CA71 /* ListViewController.swift in Sources */ = {isa = PBXBuildFile; fileRef = A283494B21A5CDF100C5CA71 /* ListViewController.swift */; };
		A283494F21A5CDF100C5CA71 /* Main.storyboard in Resources */ = {isa = PBXBuildFile; fileRef = A283494D21A5CDF100C5CA71 /* Main.storyboard */; };
		A283495121A5CDF300C5CA71 /* Assets.xcassets in Resources */ = {isa = PBXBuildFile; fileRef = A283495021A5CDF300C5CA71 /* Assets.xcassets */; };
		A283495421A5CDF300C5CA71 /* LaunchScreen.storyboard in Resources */ = {isa = PBXBuildFile; fileRef = A283495221A5CDF300C5CA71 /* LaunchScreen.storyboard */; };
		A283495F21A5CDF300C5CA71 /* APIAndImageTests.swift in Sources */ = {isa = PBXBuildFile; fileRef = A283495E21A5CDF300C5CA71 /* APIAndImageTests.swift */; };
		A283496A21A5CDF300C5CA71 /* AvatarsUITests.swift in Sources */ = {isa = PBXBuildFile; fileRef = A283496921A5CDF300C5CA71 /* AvatarsUITests.swift */; };
		A283497821A5D35300C5CA71 /* AvatarCell.swift in Sources */ = {isa = PBXBuildFile; fileRef = A283497721A5D35300C5CA71 /* AvatarCell.swift */; };
		A28349C221A84CA400C5CA71 /* ImageDownloader.swift in Sources */ = {isa = PBXBuildFile; fileRef = A28349C021A84CA400C5CA71 /* ImageDownloader.swift */; };
		D3C0572A2A0EA887009F6706 /* Constants.swift in Sources */ = {isa = PBXBuildFile; fileRef = D3C057292A0EA887009F6706 /* Constants.swift */; };
/* End PBXBuildFile section */

/* Begin PBXContainerItemProxy section */
		A283495B21A5CDF300C5CA71 /* PBXContainerItemProxy */ = {
			isa = PBXContainerItemProxy;
			containerPortal = A283493E21A5CDF100C5CA71 /* Project object */;
			proxyType = 1;
			remoteGlobalIDString = A283494521A5CDF100C5CA71;
			remoteInfo = Adoravatars;
		};
		A283496621A5CDF300C5CA71 /* PBXContainerItemProxy */ = {
			isa = PBXContainerItemProxy;
			containerPortal = A283493E21A5CDF100C5CA71 /* Project object */;
			proxyType = 1;
			remoteGlobalIDString = A283494521A5CDF100C5CA71;
			remoteInfo = Adoravatars;
		};
/* End PBXContainerItemProxy section */

/* Begin PBXFileReference section */
		001FBE3A2A326BF700B00D3A /* Followers.swift */ = {isa = PBXFileReference; lastKnownFileType = sourcecode.swift; path = Followers.swift; sourceTree = "<group>"; };
		001FBE3C2A326C0200B00D3A /* Following.swift */ = {isa = PBXFileReference; lastKnownFileType = sourcecode.swift; path = Following.swift; sourceTree = "<group>"; };
		004223062A33340000E9CF78 /* ListViewModelTests.swift */ = {isa = PBXFileReference; lastKnownFileType = sourcecode.swift; path = ListViewModelTests.swift; sourceTree = "<group>"; };
		00747BF72A31D1DD0046B526 /* ListViewModel.swift */ = {isa = PBXFileReference; lastKnownFileType = sourcecode.swift; path = ListViewModel.swift; sourceTree = "<group>"; };
		00747BF92A31D1E90046B526 /* ListCellViewModel.swift */ = {isa = PBXFileReference; lastKnownFileType = sourcecode.swift; path = ListCellViewModel.swift; sourceTree = "<group>"; };
		00747BFB2A31D1F90046B526 /* DetailsViewModel.swift */ = {isa = PBXFileReference; lastKnownFileType = sourcecode.swift; path = DetailsViewModel.swift; sourceTree = "<group>"; };
		00747BFD2A31D7EB0046B526 /* AvatarService.swift */ = {isa = PBXFileReference; lastKnownFileType = sourcecode.swift; path = AvatarService.swift; sourceTree = "<group>"; };
		00747BFF2A31D8420046B526 /* NetworkManager.swift */ = {isa = PBXFileReference; lastKnownFileType = sourcecode.swift; path = NetworkManager.swift; sourceTree = "<group>"; };
		657CD90D24C72E310050EF8A /* DetailsViewController.swift */ = {isa = PBXFileReference; lastKnownFileType = sourcecode.swift; path = DetailsViewController.swift; sourceTree = "<group>"; };
		657CD91124C735DD0050EF8A /* Repo.swift */ = {isa = PBXFileReference; lastKnownFileType = sourcecode.swift; path = Repo.swift; sourceTree = "<group>"; };
		657CD91324C735E30050EF8A /* Gist.swift */ = {isa = PBXFileReference; lastKnownFileType = sourcecode.swift; path = Gist.swift; sourceTree = "<group>"; };
		65EB85BA24C720D30004D087 /* User.swift */ = {isa = PBXFileReference; lastKnownFileType = sourcecode.swift; path = User.swift; sourceTree = "<group>"; };
		A283494621A5CDF100C5CA71 /* Avatars.app */ = {isa = PBXFileReference; explicitFileType = wrapper.application; includeInIndex = 0; path = Avatars.app; sourceTree = BUILT_PRODUCTS_DIR; };
		A283494921A5CDF100C5CA71 /* AppDelegate.swift */ = {isa = PBXFileReference; lastKnownFileType = sourcecode.swift; path = AppDelegate.swift; sourceTree = "<group>"; };
		A283494B21A5CDF100C5CA71 /* ListViewController.swift */ = {isa = PBXFileReference; lastKnownFileType = sourcecode.swift; path = ListViewController.swift; sourceTree = "<group>"; };
		A283494E21A5CDF100C5CA71 /* Base */ = {isa = PBXFileReference; lastKnownFileType = file.storyboard; name = Base; path = Base.lproj/Main.storyboard; sourceTree = "<group>"; };
		A283495021A5CDF300C5CA71 /* Assets.xcassets */ = {isa = PBXFileReference; lastKnownFileType = folder.assetcatalog; path = Assets.xcassets; sourceTree = "<group>"; };
		A283495321A5CDF300C5CA71 /* Base */ = {isa = PBXFileReference; lastKnownFileType = file.storyboard; name = Base; path = Base.lproj/LaunchScreen.storyboard; sourceTree = "<group>"; };
		A283495521A5CDF300C5CA71 /* Info.plist */ = {isa = PBXFileReference; lastKnownFileType = text.plist.xml; path = Info.plist; sourceTree = "<group>"; };
		A283495A21A5CDF300C5CA71 /* AvatarsTests.xctest */ = {isa = PBXFileReference; explicitFileType = wrapper.cfbundle; includeInIndex = 0; path = AvatarsTests.xctest; sourceTree = BUILT_PRODUCTS_DIR; };
		A283495E21A5CDF300C5CA71 /* APIAndImageTests.swift */ = {isa = PBXFileReference; lastKnownFileType = sourcecode.swift; path = APIAndImageTests.swift; sourceTree = "<group>"; };
		A283496021A5CDF300C5CA71 /* Info.plist */ = {isa = PBXFileReference; lastKnownFileType = text.plist.xml; path = Info.plist; sourceTree = "<group>"; };
		A283496521A5CDF300C5CA71 /* AvatarsUITests.xctest */ = {isa = PBXFileReference; explicitFileType = wrapper.cfbundle; includeInIndex = 0; path = AvatarsUITests.xctest; sourceTree = BUILT_PRODUCTS_DIR; };
		A283496921A5CDF300C5CA71 /* AvatarsUITests.swift */ = {isa = PBXFileReference; lastKnownFileType = sourcecode.swift; path = AvatarsUITests.swift; sourceTree = "<group>"; };
		A283496B21A5CDF300C5CA71 /* Info.plist */ = {isa = PBXFileReference; lastKnownFileType = text.plist.xml; path = Info.plist; sourceTree = "<group>"; };
		A283497721A5D35300C5CA71 /* AvatarCell.swift */ = {isa = PBXFileReference; lastKnownFileType = sourcecode.swift; path = AvatarCell.swift; sourceTree = "<group>"; };
		A28349C021A84CA400C5CA71 /* ImageDownloader.swift */ = {isa = PBXFileReference; fileEncoding = 4; lastKnownFileType = sourcecode.swift; path = ImageDownloader.swift; sourceTree = "<group>"; };
		D3C057292A0EA887009F6706 /* Constants.swift */ = {isa = PBXFileReference; lastKnownFileType = sourcecode.swift; path = Constants.swift; sourceTree = "<group>"; };
/* End PBXFileReference section */

/* Begin PBXFrameworksBuildPhase section */
		A283494321A5CDF100C5CA71 /* Frameworks */ = {
			isa = PBXFrameworksBuildPhase;
			buildActionMask = 2147483647;
			files = (
			);
			runOnlyForDeploymentPostprocessing = 0;
		};
		A283495721A5CDF300C5CA71 /* Frameworks */ = {
			isa = PBXFrameworksBuildPhase;
			buildActionMask = 2147483647;
			files = (
			);
			runOnlyForDeploymentPostprocessing = 0;
		};
		A283496221A5CDF300C5CA71 /* Frameworks */ = {
			isa = PBXFrameworksBuildPhase;
			buildActionMask = 2147483647;
			files = (
			);
			runOnlyForDeploymentPostprocessing = 0;
		};
/* End PBXFrameworksBuildPhase section */

/* Begin PBXGroup section */
		00747B752A30DC1C0046B526 /* Views */ = {
			isa = PBXGroup;
			children = (
				A283494B21A5CDF100C5CA71 /* ListViewController.swift */,
				657CD90D24C72E310050EF8A /* DetailsViewController.swift */,
				A283497721A5D35300C5CA71 /* AvatarCell.swift */,
			);
			path = Views;
			sourceTree = "<group>";
		};
		00747B762A30DC250046B526 /* ViewModels */ = {
			isa = PBXGroup;
			children = (
				00747BF72A31D1DD0046B526 /* ListViewModel.swift */,
				00747BF92A31D1E90046B526 /* ListCellViewModel.swift */,
				00747BFB2A31D1F90046B526 /* DetailsViewModel.swift */,
			);
			path = ViewModels;
			sourceTree = "<group>";
		};
		00747B772A30DC2E0046B526 /* Network */ = {
			isa = PBXGroup;
			children = (
				00747BFD2A31D7EB0046B526 /* AvatarService.swift */,
				00747BFF2A31D8420046B526 /* NetworkManager.swift */,
			);
			path = Network;
			sourceTree = "<group>";
		};
		00747B782A30DC360046B526 /* Constants */ = {
			isa = PBXGroup;
			children = (
				D3C057292A0EA887009F6706 /* Constants.swift */,
			);
			path = Constants;
			sourceTree = "<group>";
		};
		00747B792A30DC670046B526 /* Extensions */ = {
			isa = PBXGroup;
			children = (
			);
			path = Extensions;
			sourceTree = "<group>";
		};
		00747B7A2A30DC830046B526 /* Custom Classes */ = {
			isa = PBXGroup;
			children = (
				A28349C021A84CA400C5CA71 /* ImageDownloader.swift */,
			);
			path = "Custom Classes";
			sourceTree = "<group>";
		};
		00747B7B2A30DC8D0046B526 /* Resources */ = {
			isa = PBXGroup;
			children = (
				A283494D21A5CDF100C5CA71 /* Main.storyboard */,
				A283495021A5CDF300C5CA71 /* Assets.xcassets */,
				A283495221A5CDF300C5CA71 /* LaunchScreen.storyboard */,
			);
			path = Resources;
			sourceTree = "<group>";
		};
		657CD91024C7353E0050EF8A /* Models */ = {
			isa = PBXGroup;
			children = (
				65EB85BA24C720D30004D087 /* User.swift */,
				657CD91124C735DD0050EF8A /* Repo.swift */,
				657CD91324C735E30050EF8A /* Gist.swift */,
				001FBE3A2A326BF700B00D3A /* Followers.swift */,
				001FBE3C2A326C0200B00D3A /* Following.swift */,
			);
			path = Models;
			sourceTree = "<group>";
		};
		A283493D21A5CDF100C5CA71 = {
			isa = PBXGroup;
			children = (
				A283494821A5CDF100C5CA71 /* Avatars */,
				A283495D21A5CDF300C5CA71 /* AvatarsTests */,
				A283496821A5CDF300C5CA71 /* AvatarsUITests */,
				A283494721A5CDF100C5CA71 /* Products */,
			);
			sourceTree = "<group>";
		};
		A283494721A5CDF100C5CA71 /* Products */ = {
			isa = PBXGroup;
			children = (
				A283494621A5CDF100C5CA71 /* Avatars.app */,
				A283495A21A5CDF300C5CA71 /* AvatarsTests.xctest */,
				A283496521A5CDF300C5CA71 /* AvatarsUITests.xctest */,
			);
			name = Products;
			sourceTree = "<group>";
		};
		A283494821A5CDF100C5CA71 /* Avatars */ = {
			isa = PBXGroup;
			children = (
				A283494921A5CDF100C5CA71 /* AppDelegate.swift */,
				00747B782A30DC360046B526 /* Constants */,
				00747B772A30DC2E0046B526 /* Network */,
				00747B762A30DC250046B526 /* ViewModels */,
				00747B752A30DC1C0046B526 /* Views */,
				657CD91024C7353E0050EF8A /* Models */,
				00747B792A30DC670046B526 /* Extensions */,
				00747B7A2A30DC830046B526 /* Custom Classes */,
				00747B7B2A30DC8D0046B526 /* Resources */,
				A283495521A5CDF300C5CA71 /* Info.plist */,
			);
			path = Avatars;
			sourceTree = "<group>";
		};
		A283495D21A5CDF300C5CA71 /* AvatarsTests */ = {
			isa = PBXGroup;
			children = (
				A283495E21A5CDF300C5CA71 /* APIAndImageTests.swift */,
				004223062A33340000E9CF78 /* ListViewModelTests.swift */,
				A283496021A5CDF300C5CA71 /* Info.plist */,
			);
			path = AvatarsTests;
			sourceTree = "<group>";
		};
		A283496821A5CDF300C5CA71 /* AvatarsUITests */ = {
			isa = PBXGroup;
			children = (
				A283496921A5CDF300C5CA71 /* AvatarsUITests.swift */,
				A283496B21A5CDF300C5CA71 /* Info.plist */,
			);
			path = AvatarsUITests;
			sourceTree = "<group>";
		};
/* End PBXGroup section */

/* Begin PBXNativeTarget section */
		A283494521A5CDF100C5CA71 /* Avatars */ = {
			isa = PBXNativeTarget;
			buildConfigurationList = A283496E21A5CDF300C5CA71 /* Build configuration list for PBXNativeTarget "Avatars" */;
			buildPhases = (
				A283494221A5CDF100C5CA71 /* Sources */,
				A283494321A5CDF100C5CA71 /* Frameworks */,
				A283494421A5CDF100C5CA71 /* Resources */,
			);
			buildRules = (
			);
			dependencies = (
			);
			name = Avatars;
			productName = Adoravatars;
			productReference = A283494621A5CDF100C5CA71 /* Avatars.app */;
			productType = "com.apple.product-type.application";
		};
		A283495921A5CDF300C5CA71 /* AvatarsTests */ = {
			isa = PBXNativeTarget;
			buildConfigurationList = A283497121A5CDF300C5CA71 /* Build configuration list for PBXNativeTarget "AvatarsTests" */;
			buildPhases = (
				A283495621A5CDF300C5CA71 /* Sources */,
				A283495721A5CDF300C5CA71 /* Frameworks */,
				A283495821A5CDF300C5CA71 /* Resources */,
			);
			buildRules = (
			);
			dependencies = (
				A283495C21A5CDF300C5CA71 /* PBXTargetDependency */,
			);
			name = AvatarsTests;
			productName = AdoravatarsTests;
			productReference = A283495A21A5CDF300C5CA71 /* AvatarsTests.xctest */;
			productType = "com.apple.product-type.bundle.unit-test";
		};
		A283496421A5CDF300C5CA71 /* AvatarsUITests */ = {
			isa = PBXNativeTarget;
			buildConfigurationList = A283497421A5CDF300C5CA71 /* Build configuration list for PBXNativeTarget "AvatarsUITests" */;
			buildPhases = (
				A283496121A5CDF300C5CA71 /* Sources */,
				A283496221A5CDF300C5CA71 /* Frameworks */,
				A283496321A5CDF300C5CA71 /* Resources */,
			);
			buildRules = (
			);
			dependencies = (
				A283496721A5CDF300C5CA71 /* PBXTargetDependency */,
			);
			name = AvatarsUITests;
			productName = AdoravatarsUITests;
			productReference = A283496521A5CDF300C5CA71 /* AvatarsUITests.xctest */;
			productType = "com.apple.product-type.bundle.ui-testing";
		};
/* End PBXNativeTarget section */

/* Begin PBXProject section */
		A283493E21A5CDF100C5CA71 /* Project object */ = {
			isa = PBXProject;
			attributes = {
				LastSwiftUpdateCheck = 1010;
				LastUpgradeCheck = 1010;
				ORGANIZATIONNAME = Scandit;
				TargetAttributes = {
					A283494521A5CDF100C5CA71 = {
						CreatedOnToolsVersion = 10.1;
						LastSwiftMigration = 1130;
					};
					A283495921A5CDF300C5CA71 = {
						CreatedOnToolsVersion = 10.1;
						LastSwiftMigration = 1130;
						TestTargetID = A283494521A5CDF100C5CA71;
					};
					A283496421A5CDF300C5CA71 = {
						CreatedOnToolsVersion = 10.1;
						LastSwiftMigration = 1130;
						TestTargetID = A283494521A5CDF100C5CA71;
					};
				};
			};
			buildConfigurationList = A283494121A5CDF100C5CA71 /* Build configuration list for PBXProject "Avatars" */;
			compatibilityVersion = "Xcode 9.3";
			developmentRegion = en;
			hasScannedForEncodings = 0;
			knownRegions = (
				en,
				Base,
			);
			mainGroup = A283493D21A5CDF100C5CA71;
			productRefGroup = A283494721A5CDF100C5CA71 /* Products */;
			projectDirPath = "";
			projectRoot = "";
			targets = (
				A283494521A5CDF100C5CA71 /* Avatars */,
				A283495921A5CDF300C5CA71 /* AvatarsTests */,
				A283496421A5CDF300C5CA71 /* AvatarsUITests */,
			);
		};
/* End PBXProject section */

/* Begin PBXResourcesBuildPhase section */
		A283494421A5CDF100C5CA71 /* Resources */ = {
			isa = PBXResourcesBuildPhase;
			buildActionMask = 2147483647;
			files = (
				A283495421A5CDF300C5CA71 /* LaunchScreen.storyboard in Resources */,
				A283495121A5CDF300C5CA71 /* Assets.xcassets in Resources */,
				A283494F21A5CDF100C5CA71 /* Main.storyboard in Resources */,
			);
			runOnlyForDeploymentPostprocessing = 0;
		};
		A283495821A5CDF300C5CA71 /* Resources */ = {
			isa = PBXResourcesBuildPhase;
			buildActionMask = 2147483647;
			files = (
			);
			runOnlyForDeploymentPostprocessing = 0;
		};
		A283496321A5CDF300C5CA71 /* Resources */ = {
			isa = PBXResourcesBuildPhase;
			buildActionMask = 2147483647;
			files = (
			);
			runOnlyForDeploymentPostprocessing = 0;
		};
/* End PBXResourcesBuildPhase section */

/* Begin PBXSourcesBuildPhase section */
		A283494221A5CDF100C5CA71 /* Sources */ = {
			isa = PBXSourcesBuildPhase;
			buildActionMask = 2147483647;
			files = (
				00747BFE2A31D7EB0046B526 /* AvatarService.swift in Sources */,
				A283497821A5D35300C5CA71 /* AvatarCell.swift in Sources */,
				A283494C21A5CDF100C5CA71 /* ListViewController.swift in Sources */,
				00747BFA2A31D1E90046B526 /* ListCellViewModel.swift in Sources */,
				657CD91424C735E30050EF8A /* Gist.swift in Sources */,
				00747BFC2A31D1F90046B526 /* DetailsViewModel.swift in Sources */,
				001FBE3D2A326C0200B00D3A /* Following.swift in Sources */,
				001FBE3B2A326BF700B00D3A /* Followers.swift in Sources */,
				657CD91224C735DD0050EF8A /* Repo.swift in Sources */,
				D3C0572A2A0EA887009F6706 /* Constants.swift in Sources */,
				65EB85BB24C720D30004D087 /* User.swift in Sources */,
				657CD90E24C72E310050EF8A /* DetailsViewController.swift in Sources */,
				A283494A21A5CDF100C5CA71 /* AppDelegate.swift in Sources */,
				00747C002A31D8420046B526 /* NetworkManager.swift in Sources */,
				A28349C221A84CA400C5CA71 /* ImageDownloader.swift in Sources */,
				00747BF82A31D1DD0046B526 /* ListViewModel.swift in Sources */,
			);
			runOnlyForDeploymentPostprocessing = 0;
		};
		A283495621A5CDF300C5CA71 /* Sources */ = {
			isa = PBXSourcesBuildPhase;
			buildActionMask = 2147483647;
			files = (
				A283495F21A5CDF300C5CA71 /* APIAndImageTests.swift in Sources */,
				004223072A33340000E9CF78 /* ListViewModelTests.swift in Sources */,
			);
			runOnlyForDeploymentPostprocessing = 0;
		};
		A283496121A5CDF300C5CA71 /* Sources */ = {
			isa = PBXSourcesBuildPhase;
			buildActionMask = 2147483647;
			files = (
				A283496A21A5CDF300C5CA71 /* AvatarsUITests.swift in Sources */,
			);
			runOnlyForDeploymentPostprocessing = 0;
		};
/* End PBXSourcesBuildPhase section */

/* Begin PBXTargetDependency section */
		A283495C21A5CDF300C5CA71 /* PBXTargetDependency */ = {
			isa = PBXTargetDependency;
			target = A283494521A5CDF100C5CA71 /* Avatars */;
			targetProxy = A283495B21A5CDF300C5CA71 /* PBXContainerItemProxy */;
		};
		A283496721A5CDF300C5CA71 /* PBXTargetDependency */ = {
			isa = PBXTargetDependency;
			target = A283494521A5CDF100C5CA71 /* Avatars */;
			targetProxy = A283496621A5CDF300C5CA71 /* PBXContainerItemProxy */;
		};
/* End PBXTargetDependency section */

/* Begin PBXVariantGroup section */
		A283494D21A5CDF100C5CA71 /* Main.storyboard */ = {
			isa = PBXVariantGroup;
			children = (
				A283494E21A5CDF100C5CA71 /* Base */,
			);
			name = Main.storyboard;
			sourceTree = "<group>";
		};
		A283495221A5CDF300C5CA71 /* LaunchScreen.storyboard */ = {
			isa = PBXVariantGroup;
			children = (
				A283495321A5CDF300C5CA71 /* Base */,
			);
			name = LaunchScreen.storyboard;
			sourceTree = "<group>";
		};
/* End PBXVariantGroup section */

/* Begin XCBuildConfiguration section */
		A283496C21A5CDF300C5CA71 /* Debug */ = {
			isa = XCBuildConfiguration;
			buildSettings = {
				ALWAYS_SEARCH_USER_PATHS = NO;
				CLANG_ANALYZER_NONNULL = YES;
				CLANG_ANALYZER_NUMBER_OBJECT_CONVERSION = YES_AGGRESSIVE;
				CLANG_CXX_LANGUAGE_STANDARD = "gnu++14";
				CLANG_CXX_LIBRARY = "libc++";
				CLANG_ENABLE_MODULES = YES;
				CLANG_ENABLE_OBJC_ARC = YES;
				CLANG_ENABLE_OBJC_WEAK = YES;
				CLANG_WARN_BLOCK_CAPTURE_AUTORELEASING = YES;
				CLANG_WARN_BOOL_CONVERSION = YES;
				CLANG_WARN_COMMA = YES;
				CLANG_WARN_CONSTANT_CONVERSION = YES;
				CLANG_WARN_DEPRECATED_OBJC_IMPLEMENTATIONS = YES;
				CLANG_WARN_DIRECT_OBJC_ISA_USAGE = YES_ERROR;
				CLANG_WARN_DOCUMENTATION_COMMENTS = YES;
				CLANG_WARN_EMPTY_BODY = YES;
				CLANG_WARN_ENUM_CONVERSION = YES;
				CLANG_WARN_INFINITE_RECURSION = YES;
				CLANG_WARN_INT_CONVERSION = YES;
				CLANG_WARN_NON_LITERAL_NULL_CONVERSION = YES;
				CLANG_WARN_OBJC_IMPLICIT_RETAIN_SELF = YES;
				CLANG_WARN_OBJC_LITERAL_CONVERSION = YES;
				CLANG_WARN_OBJC_ROOT_CLASS = YES_ERROR;
				CLANG_WARN_RANGE_LOOP_ANALYSIS = YES;
				CLANG_WARN_STRICT_PROTOTYPES = YES;
				CLANG_WARN_SUSPICIOUS_MOVE = YES;
				CLANG_WARN_UNGUARDED_AVAILABILITY = YES_AGGRESSIVE;
				CLANG_WARN_UNREACHABLE_CODE = YES;
				CLANG_WARN__DUPLICATE_METHOD_MATCH = YES;
				CODE_SIGN_IDENTITY = "iPhone Developer";
				COPY_PHASE_STRIP = NO;
				DEBUG_INFORMATION_FORMAT = dwarf;
				ENABLE_STRICT_OBJC_MSGSEND = YES;
				ENABLE_TESTABILITY = YES;
				GCC_C_LANGUAGE_STANDARD = gnu11;
				GCC_DYNAMIC_NO_PIC = NO;
				GCC_NO_COMMON_BLOCKS = YES;
				GCC_OPTIMIZATION_LEVEL = 0;
				GCC_PREPROCESSOR_DEFINITIONS = (
					"DEBUG=1",
					"$(inherited)",
				);
				GCC_WARN_64_TO_32_BIT_CONVERSION = YES;
				GCC_WARN_ABOUT_RETURN_TYPE = YES_ERROR;
				GCC_WARN_UNDECLARED_SELECTOR = YES;
				GCC_WARN_UNINITIALIZED_AUTOS = YES_AGGRESSIVE;
				GCC_WARN_UNUSED_FUNCTION = YES;
				GCC_WARN_UNUSED_VARIABLE = YES;
				IPHONEOS_DEPLOYMENT_TARGET = 15.0;
				MTL_ENABLE_DEBUG_INFO = INCLUDE_SOURCE;
				MTL_FAST_MATH = YES;
				ONLY_ACTIVE_ARCH = YES;
				SDKROOT = iphoneos;
				SWIFT_ACTIVE_COMPILATION_CONDITIONS = DEBUG;
				SWIFT_OPTIMIZATION_LEVEL = "-Onone";
			};
			name = Debug;
		};
		A283496D21A5CDF300C5CA71 /* Release */ = {
			isa = XCBuildConfiguration;
			buildSettings = {
				ALWAYS_SEARCH_USER_PATHS = NO;
				CLANG_ANALYZER_NONNULL = YES;
				CLANG_ANALYZER_NUMBER_OBJECT_CONVERSION = YES_AGGRESSIVE;
				CLANG_CXX_LANGUAGE_STANDARD = "gnu++14";
				CLANG_CXX_LIBRARY = "libc++";
				CLANG_ENABLE_MODULES = YES;
				CLANG_ENABLE_OBJC_ARC = YES;
				CLANG_ENABLE_OBJC_WEAK = YES;
				CLANG_WARN_BLOCK_CAPTURE_AUTORELEASING = YES;
				CLANG_WARN_BOOL_CONVERSION = YES;
				CLANG_WARN_COMMA = YES;
				CLANG_WARN_CONSTANT_CONVERSION = YES;
				CLANG_WARN_DEPRECATED_OBJC_IMPLEMENTATIONS = YES;
				CLANG_WARN_DIRECT_OBJC_ISA_USAGE = YES_ERROR;
				CLANG_WARN_DOCUMENTATION_COMMENTS = YES;
				CLANG_WARN_EMPTY_BODY = YES;
				CLANG_WARN_ENUM_CONVERSION = YES;
				CLANG_WARN_INFINITE_RECURSION = YES;
				CLANG_WARN_INT_CONVERSION = YES;
				CLANG_WARN_NON_LITERAL_NULL_CONVERSION = YES;
				CLANG_WARN_OBJC_IMPLICIT_RETAIN_SELF = YES;
				CLANG_WARN_OBJC_LITERAL_CONVERSION = YES;
				CLANG_WARN_OBJC_ROOT_CLASS = YES_ERROR;
				CLANG_WARN_RANGE_LOOP_ANALYSIS = YES;
				CLANG_WARN_STRICT_PROTOTYPES = YES;
				CLANG_WARN_SUSPICIOUS_MOVE = YES;
				CLANG_WARN_UNGUARDED_AVAILABILITY = YES_AGGRESSIVE;
				CLANG_WARN_UNREACHABLE_CODE = YES;
				CLANG_WARN__DUPLICATE_METHOD_MATCH = YES;
				CODE_SIGN_IDENTITY = "iPhone Developer";
				COPY_PHASE_STRIP = NO;
				DEBUG_INFORMATION_FORMAT = "dwarf-with-dsym";
				ENABLE_NS_ASSERTIONS = NO;
				ENABLE_STRICT_OBJC_MSGSEND = YES;
				GCC_C_LANGUAGE_STANDARD = gnu11;
				GCC_NO_COMMON_BLOCKS = YES;
				GCC_WARN_64_TO_32_BIT_CONVERSION = YES;
				GCC_WARN_ABOUT_RETURN_TYPE = YES_ERROR;
				GCC_WARN_UNDECLARED_SELECTOR = YES;
				GCC_WARN_UNINITIALIZED_AUTOS = YES_AGGRESSIVE;
				GCC_WARN_UNUSED_FUNCTION = YES;
				GCC_WARN_UNUSED_VARIABLE = YES;
				IPHONEOS_DEPLOYMENT_TARGET = 15.0;
				MTL_ENABLE_DEBUG_INFO = NO;
				MTL_FAST_MATH = YES;
				SDKROOT = iphoneos;
				SWIFT_COMPILATION_MODE = wholemodule;
				SWIFT_OPTIMIZATION_LEVEL = "-O";
				VALIDATE_PRODUCT = YES;
			};
			name = Release;
		};
		A283496F21A5CDF300C5CA71 /* Debug */ = {
			isa = XCBuildConfiguration;
			buildSettings = {
				ASSETCATALOG_COMPILER_APPICON_NAME = AppIcon;
				CODE_SIGN_IDENTITY = "Apple Development";
				CODE_SIGN_STYLE = Automatic;
				DEVELOPMENT_TEAM = 9N5EX22VUM;
				INFOPLIST_FILE = Avatars/Info.plist;
				IPHONEOS_DEPLOYMENT_TARGET = 15.0;
				LD_RUNPATH_SEARCH_PATHS = (
					"$(inherited)",
					"@executable_path/Frameworks",
				);
				PRODUCT_BUNDLE_IDENTIFIER = com.stepstone.Avatars;
				PRODUCT_NAME = "$(TARGET_NAME)";
				PROVISIONING_PROFILE_SPECIFIER = "";
				SWIFT_VERSION = 5.0;
				TARGETED_DEVICE_FAMILY = "1,2";
			};
			name = Debug;
		};
		A283497021A5CDF300C5CA71 /* Release */ = {
			isa = XCBuildConfiguration;
			buildSettings = {
				ASSETCATALOG_COMPILER_APPICON_NAME = AppIcon;
				CODE_SIGN_IDENTITY = "Apple Development";
				CODE_SIGN_STYLE = Automatic;
				DEVELOPMENT_TEAM = 9N5EX22VUM;
				INFOPLIST_FILE = Avatars/Info.plist;
				IPHONEOS_DEPLOYMENT_TARGET = 15.0;
				LD_RUNPATH_SEARCH_PATHS = (
					"$(inherited)",
					"@executable_path/Frameworks",
				);
				PRODUCT_BUNDLE_IDENTIFIER = com.stepstone.Avatars;
				PRODUCT_NAME = "$(TARGET_NAME)";
				PROVISIONING_PROFILE_SPECIFIER = "";
				SWIFT_VERSION = 5.0;
				TARGETED_DEVICE_FAMILY = "1,2";
			};
			name = Release;
		};
		A283497221A5CDF300C5CA71 /* Debug */ = {
			isa = XCBuildConfiguration;
			buildSettings = {
				ALWAYS_EMBED_SWIFT_STANDARD_LIBRARIES = YES;
				BUNDLE_LOADER = "$(TEST_HOST)";
				CODE_SIGN_STYLE = Manual;
				DEVELOPMENT_TEAM = "";
				INFOPLIST_FILE = AvatarsTests/Info.plist;
				LD_RUNPATH_SEARCH_PATHS = (
					"$(inherited)",
					"@executable_path/Frameworks",
					"@loader_path/Frameworks",
				);
				PRODUCT_BUNDLE_IDENTIFIER = com.stepstone.AvatarsTests;
				PRODUCT_NAME = "$(TARGET_NAME)";
				PROVISIONING_PROFILE_SPECIFIER = "";
				SWIFT_VERSION = 5.0;
				TARGETED_DEVICE_FAMILY = "1,2";
				TEST_HOST = "$(BUILT_PRODUCTS_DIR)/Avatars.app/Avatars";
			};
			name = Debug;
		};
		A283497321A5CDF300C5CA71 /* Release */ = {
			isa = XCBuildConfiguration;
			buildSettings = {
				ALWAYS_EMBED_SWIFT_STANDARD_LIBRARIES = YES;
				BUNDLE_LOADER = "$(TEST_HOST)";
				CODE_SIGN_STYLE = Manual;
				DEVELOPMENT_TEAM = "";
				INFOPLIST_FILE = AvatarsTests/Info.plist;
				LD_RUNPATH_SEARCH_PATHS = (
					"$(inherited)",
					"@executable_path/Frameworks",
					"@loader_path/Frameworks",
				);
				PRODUCT_BUNDLE_IDENTIFIER = com.stepstone.AvatarsTests;
				PRODUCT_NAME = "$(TARGET_NAME)";
				PROVISIONING_PROFILE_SPECIFIER = "";
				SWIFT_VERSION = 5.0;
				TARGETED_DEVICE_FAMILY = "1,2";
				TEST_HOST = "$(BUILT_PRODUCTS_DIR)/Avatars.app/Avatars";
			};
			name = Release;
		};
		A283497521A5CDF300C5CA71 /* Debug */ = {
			isa = XCBuildConfiguration;
			buildSettings = {
				ALWAYS_EMBED_SWIFT_STANDARD_LIBRARIES = YES;
				CODE_SIGN_STYLE = Manual;
				DEVELOPMENT_TEAM = "";
				INFOPLIST_FILE = AvatarsUITests/Info.plist;
				LD_RUNPATH_SEARCH_PATHS = (
					"$(inherited)",
					"@executable_path/Frameworks",
					"@loader_path/Frameworks",
				);
				PRODUCT_BUNDLE_IDENTIFIER = com.stepstone.AvatarsUITests;
				PRODUCT_NAME = "$(TARGET_NAME)";
				PROVISIONING_PROFILE_SPECIFIER = "";
				SWIFT_VERSION = 5.0;
				TARGETED_DEVICE_FAMILY = "1,2";
				TEST_TARGET_NAME = Adoravatars;
			};
			name = Debug;
		};
		A283497621A5CDF300C5CA71 /* Release */ = {
			isa = XCBuildConfiguration;
			buildSettings = {
				ALWAYS_EMBED_SWIFT_STANDARD_LIBRARIES = YES;
				CODE_SIGN_STYLE = Manual;
				DEVELOPMENT_TEAM = "";
				INFOPLIST_FILE = AvatarsUITests/Info.plist;
				LD_RUNPATH_SEARCH_PATHS = (
					"$(inherited)",
					"@executable_path/Frameworks",
					"@loader_path/Frameworks",
				);
				PRODUCT_BUNDLE_IDENTIFIER = com.stepstone.AvatarsUITests;
				PRODUCT_NAME = "$(TARGET_NAME)";
				PROVISIONING_PROFILE_SPECIFIER = "";
				SWIFT_VERSION = 5.0;
				TARGETED_DEVICE_FAMILY = "1,2";
				TEST_TARGET_NAME = Adoravatars;
			};
			name = Release;
		};
/* End XCBuildConfiguration section */

/* Begin XCConfigurationList section */
		A283494121A5CDF100C5CA71 /* Build configuration list for PBXProject "Avatars" */ = {
			isa = XCConfigurationList;
			buildConfigurations = (
				A283496C21A5CDF300C5CA71 /* Debug */,
				A283496D21A5CDF300C5CA71 /* Release */,
			);
			defaultConfigurationIsVisible = 0;
			defaultConfigurationName = Release;
		};
		A283496E21A5CDF300C5CA71 /* Build configuration list for PBXNativeTarget "Avatars" */ = {
			isa = XCConfigurationList;
			buildConfigurations = (
				A283496F21A5CDF300C5CA71 /* Debug */,
				A283497021A5CDF300C5CA71 /* Release */,
			);
			defaultConfigurationIsVisible = 0;
			defaultConfigurationName = Release;
		};
		A283497121A5CDF300C5CA71 /* Build configuration list for PBXNativeTarget "AvatarsTests" */ = {
			isa = XCConfigurationList;
			buildConfigurations = (
				A283497221A5CDF300C5CA71 /* Debug */,
				A283497321A5CDF300C5CA71 /* Release */,
			);
			defaultConfigurationIsVisible = 0;
			defaultConfigurationName = Release;
		};
		A283497421A5CDF300C5CA71 /* Build configuration list for PBXNativeTarget "AvatarsUITests" */ = {
			isa = XCConfigurationList;
			buildConfigurations = (
				A283497521A5CDF300C5CA71 /* Debug */,
				A283497621A5CDF300C5CA71 /* Release */,
			);
			defaultConfigurationIsVisible = 0;
			defaultConfigurationName = Release;
		};
/* End XCConfigurationList section */
	};
	rootObject = A283493E21A5CDF100C5CA71 /* Project object */;
}
